
Microsoft Visual Studio Solution File, Format Version 12.00
# Visual Studio Version 17
VisualStudioVersion = 17.11.35222.181
MinimumVisualStudioVersion = 10.0.40219.1
Project("{FAE04EC0-301F-11D3-BF4B-00C04F79EFBC}") = "Martinez_CSTuitionFee", "Martinez_CSTuitionFee.csproj", "{8CFF2BF7-3623-45C4-A3D4-948F404FBE7D}"
EndProject
Global
	GlobalSection(SolutionConfigurationPlatforms) = preSolution
		Debug|Any CPU = Debug|Any CPU
		Release|Any CPU = Release|Any CPU
	EndGlobalSection
	GlobalSection(ProjectConfigurationPlatforms) = postSolution
		{8CFF2BF7-3623-45C4-A3D4-948F404FBE7D}.Debug|Any CPU.ActiveCfg = Debug|Any CPU
		{8CFF2BF7-3623-45C4-A3D4-948F404FBE7D}.Debug|Any CPU.Build.0 = Debug|Any CPU
		{8CFF2BF7-3623-45C4-A3D4-948F404FBE7D}.Release|Any CPU.ActiveCfg = Release|Any CPU
		{8CFF2BF7-3623-45C4-A3D4-948F404FBE7D}.Release|Any CPU.Build.0 = Release|Any CPU
	EndGlobalSection
	GlobalSection(SolutionProperties) = preSolution
		HideSolutionNode = FALSE
	EndGlobalSection
	GlobalSection(ExtensibilityGlobals) = postSolution
		SolutionGuid = {1A06283D-D05E-42B7-B0D1-14CA35A5753F}
	EndGlobalSection
EndGlobal
