
Microsoft Visual Studio Solution File, Format Version 12.00
# Visual Studio Version 16
VisualStudioVersion = 16.0.35229.62
MinimumVisualStudioVersion = 10.0.40219.1
Project("{FAE04EC0-301F-11D3-BF4B-00C04F79EFBC}") = "Martinez_FlappyBird", "Martinez_FlappyBird.csproj", "{7660D741-113B-4906-85C4-60207563C8BA}"
EndProject
Global
	GlobalSection(SolutionConfigurationPlatforms) = preSolution
		Debug|Any CPU = Debug|Any CPU
		Release|Any CPU = Release|Any CPU
	EndGlobalSection
	GlobalSection(ProjectConfigurationPlatforms) = postSolution
		{7660D741-113B-4906-85C4-60207563C8BA}.Debug|Any CPU.ActiveCfg = Debug|Any CPU
		{7660D741-113B-4906-85C4-60207563C8BA}.Debug|Any CPU.Build.0 = Debug|Any CPU
		{7660D741-113B-4906-85C4-60207563C8BA}.Release|Any CPU.ActiveCfg = Release|Any CPU
		{7660D741-113B-4906-85C4-60207563C8BA}.Release|Any CPU.Build.0 = Release|Any CPU
	EndGlobalSection
	GlobalSection(SolutionProperties) = preSolution
		HideSolutionNode = FALSE
	EndGlobalSection
	GlobalSection(ExtensibilityGlobals) = postSolution
		SolutionGuid = {C1466A30-A6E9-4E4A-959E-150610B9929A}
	EndGlobalSection
EndGlobal
