
Microsoft Visual Studio Solution File, Format Version 12.00
# Visual Studio Version 17
VisualStudioVersion = 17.11.35303.130
MinimumVisualStudioVersion = 10.0.40219.1
Project("{FAE04EC0-301F-11D3-BF4B-00C04F79EFBC}") = "StudentInformationSystem", "StudentInformationSystem.csproj", "{8F004B94-2263-4171-9D3E-186A1ADBC90D}"
EndProject
Global
	GlobalSection(SolutionConfigurationPlatforms) = preSolution
		Debug|Any CPU = Debug|Any CPU
		Release|Any CPU = Release|Any CPU
	EndGlobalSection
	GlobalSection(ProjectConfigurationPlatforms) = postSolution
		{8F004B94-2263-4171-9D3E-186A1ADBC90D}.Debug|Any CPU.ActiveCfg = Debug|Any CPU
		{8F004B94-2263-4171-9D3E-186A1ADBC90D}.Debug|Any CPU.Build.0 = Debug|Any CPU
		{8F004B94-2263-4171-9D3E-186A1ADBC90D}.Release|Any CPU.ActiveCfg = Release|Any CPU
		{8F004B94-2263-4171-9D3E-186A1ADBC90D}.Release|Any CPU.Build.0 = Release|Any CPU
	EndGlobalSection
	GlobalSection(SolutionProperties) = preSolution
		HideSolutionNode = FALSE
	EndGlobalSection
	GlobalSection(ExtensibilityGlobals) = postSolution
		SolutionGuid = {32580428-5D2B-44B2-8D17-E0778E7FB57F}
	EndGlobalSection
EndGlobal
